
Microsoft Visual Studio Solution File, Format Version 12.00
# Visual Studio Version 16
VisualStudioVersion = 16.0.29102.190
MinimumVisualStudioVersion = 10.0.40219.1
Project("{9A19103F-16F7-4668-BE54-9A1E7A4F7556}") = "MyVet.Common", "MyVet.Common\MyVet.Common.csproj", "{89DC4B70-AD90-4DDF-919C-692A659AF1EF}"
EndProject
Project("{9A19103F-16F7-4668-BE54-9A1E7A4F7556}") = "MyVet.Web", "MyVet.Web\MyVet.Web.csproj", "{319F7AC7-1D22-46B5-8CC6-D9D7F7100C19}"
EndProject
Project("{9A19103F-16F7-4668-BE54-9A1E7A4F7556}") = "MyVet.Prism", "MyVet.Prism\MyVet.Prism\MyVet.Prism.csproj", "{1775F09C-5A68-425B-BB46-B05C8795E644}"
EndProject
Project("{FAE04EC0-301F-11D3-BF4B-00C04F79EFBC}") = "MyVet.Prism.Android", "MyVet.Prism\MyVet.Prism.Android\MyVet.Prism.Android.csproj", "{F6B3DBF6-6141-447D-93A9-C36EEBB6770A}"
EndProject
Project("{FAE04EC0-301F-11D3-BF4B-00C04F79EFBC}") = "MyVet.Prism.iOS", "MyVet.Prism\MyVet.Prism.iOS\MyVet.Prism.iOS.csproj", "{625F74D5-D653-4EFA-8618-5CC9C5806972}"
EndProject
Global
	GlobalSection(SolutionConfigurationPlatforms) = preSolution
		Ad-Hoc|Any CPU = Ad-Hoc|Any CPU
		Ad-Hoc|ARM = Ad-Hoc|ARM
		Ad-Hoc|iPhone = Ad-Hoc|iPhone
		Ad-Hoc|iPhoneSimulator = Ad-Hoc|iPhoneSimulator
		Ad-Hoc|x64 = Ad-Hoc|x64
		Ad-Hoc|x86 = Ad-Hoc|x86
		AppStore|Any CPU = AppStore|Any CPU
		AppStore|ARM = AppStore|ARM
		AppStore|iPhone = AppStore|iPhone
		AppStore|iPhoneSimulator = AppStore|iPhoneSimulator
		AppStore|x64 = AppStore|x64
		AppStore|x86 = AppStore|x86
		Debug|Any CPU = Debug|Any CPU
		Debug|ARM = Debug|ARM
		Debug|iPhone = Debug|iPhone
		Debug|iPhoneSimulator = Debug|iPhoneSimulator
		Debug|x64 = Debug|x64
		Debug|x86 = Debug|x86
		Release|Any CPU = Release|Any CPU
		Release|ARM = Release|ARM
		Release|iPhone = Release|iPhone
		Release|iPhoneSimulator = Release|iPhoneSimulator
		Release|x64 = Release|x64
		Release|x86 = Release|x86
	EndGlobalSection
	GlobalSection(ProjectConfigurationPlatforms) = postSolution
		{89DC4B70-AD90-4DDF-919C-692A659AF1EF}.Ad-Hoc|Any CPU.ActiveCfg = Release|Any CPU
		{89DC4B70-AD90-4DDF-919C-692A659AF1EF}.Ad-Hoc|Any CPU.Build.0 = Release|Any CPU
		{89DC4B70-AD90-4DDF-919C-692A659AF1EF}.Ad-Hoc|ARM.ActiveCfg = Release|Any CPU
		{89DC4B70-AD90-4DDF-919C-692A659AF1EF}.Ad-Hoc|ARM.Build.0 = Release|Any CPU
		{89DC4B70-AD90-4DDF-919C-692A659AF1EF}.Ad-Hoc|iPhone.ActiveCfg = Release|Any CPU
		{89DC4B70-AD90-4DDF-919C-692A659AF1EF}.Ad-Hoc|iPhone.Build.0 = Release|Any CPU
		{89DC4B70-AD90-4DDF-919C-692A659AF1EF}.Ad-Hoc|iPhoneSimulator.ActiveCfg = Release|Any CPU
		{89DC4B70-AD90-4DDF-919C-692A659AF1EF}.Ad-Hoc|iPhoneSimulator.Build.0 = Release|Any CPU
		{89DC4B70-AD90-4DDF-919C-692A659AF1EF}.Ad-Hoc|x64.ActiveCfg = Release|Any CPU
		{89DC4B70-AD90-4DDF-919C-692A659AF1EF}.Ad-Hoc|x64.Build.0 = Release|Any CPU
		{89DC4B70-AD90-4DDF-919C-692A659AF1EF}.Ad-Hoc|x86.ActiveCfg = Release|Any CPU
		{89DC4B70-AD90-4DDF-919C-692A659AF1EF}.Ad-Hoc|x86.Build.0 = Release|Any CPU
		{89DC4B70-AD90-4DDF-919C-692A659AF1EF}.AppStore|Any CPU.ActiveCfg = Release|Any CPU
		{89DC4B70-AD90-4DDF-919C-692A659AF1EF}.AppStore|Any CPU.Build.0 = Release|Any CPU
		{89DC4B70-AD90-4DDF-919C-692A659AF1EF}.AppStore|ARM.ActiveCfg = Release|Any CPU
		{89DC4B70-AD90-4DDF-919C-692A659AF1EF}.AppStore|ARM.Build.0 = Release|Any CPU
		{89DC4B70-AD90-4DDF-919C-692A659AF1EF}.AppStore|iPhone.ActiveCfg = Release|Any CPU
		{89DC4B70-AD90-4DDF-919C-692A659AF1EF}.AppStore|iPhone.Build.0 = Release|Any CPU
		{89DC4B70-AD90-4DDF-919C-692A659AF1EF}.AppStore|iPhoneSimulator.ActiveCfg = Release|Any CPU
		{89DC4B70-AD90-4DDF-919C-692A659AF1EF}.AppStore|iPhoneSimulator.Build.0 = Release|Any CPU
		{89DC4B70-AD90-4DDF-919C-692A659AF1EF}.AppStore|x64.ActiveCfg = Release|Any CPU
		{89DC4B70-AD90-4DDF-919C-692A659AF1EF}.AppStore|x64.Build.0 = Release|Any CPU
		{89DC4B70-AD90-4DDF-919C-692A659AF1EF}.AppStore|x86.ActiveCfg = Release|Any CPU
		{89DC4B70-AD90-4DDF-919C-692A659AF1EF}.AppStore|x86.Build.0 = Release|Any CPU
		{89DC4B70-AD90-4DDF-919C-692A659AF1EF}.Debug|Any CPU.ActiveCfg = Debug|Any CPU
		{89DC4B70-AD90-4DDF-919C-692A659AF1EF}.Debug|Any CPU.Build.0 = Debug|Any CPU
		{89DC4B70-AD90-4DDF-919C-692A659AF1EF}.Debug|ARM.ActiveCfg = Debug|Any CPU
		{89DC4B70-AD90-4DDF-919C-692A659AF1EF}.Debug|ARM.Build.0 = Debug|Any CPU
		{89DC4B70-AD90-4DDF-919C-692A659AF1EF}.Debug|iPhone.ActiveCfg = Debug|Any CPU
		{89DC4B70-AD90-4DDF-919C-692A659AF1EF}.Debug|iPhone.Build.0 = Debug|Any CPU
		{89DC4B70-AD90-4DDF-919C-692A659AF1EF}.Debug|iPhoneSimulator.ActiveCfg = Debug|Any CPU
		{89DC4B70-AD90-4DDF-919C-692A659AF1EF}.Debug|iPhoneSimulator.Build.0 = Debug|Any CPU
		{89DC4B70-AD90-4DDF-919C-692A659AF1EF}.Debug|x64.ActiveCfg = Debug|Any CPU
		{89DC4B70-AD90-4DDF-919C-692A659AF1EF}.Debug|x64.Build.0 = Debug|Any CPU
		{89DC4B70-AD90-4DDF-919C-692A659AF1EF}.Debug|x86.ActiveCfg = Debug|Any CPU
		{89DC4B70-AD90-4DDF-919C-692A659AF1EF}.Debug|x86.Build.0 = Debug|Any CPU
		{89DC4B70-AD90-4DDF-919C-692A659AF1EF}.Release|Any CPU.ActiveCfg = Release|Any CPU
		{89DC4B70-AD90-4DDF-919C-692A659AF1EF}.Release|Any CPU.Build.0 = Release|Any CPU
		{89DC4B70-AD90-4DDF-919C-692A659AF1EF}.Release|ARM.ActiveCfg = Release|Any CPU
		{89DC4B70-AD90-4DDF-919C-692A659AF1EF}.Release|ARM.Build.0 = Release|Any CPU
		{89DC4B70-AD90-4DDF-919C-692A659AF1EF}.Release|iPhone.ActiveCfg = Release|Any CPU
		{89DC4B70-AD90-4DDF-919C-692A659AF1EF}.Release|iPhone.Build.0 = Release|Any CPU
		{89DC4B70-AD90-4DDF-919C-692A659AF1EF}.Release|iPhoneSimulator.ActiveCfg = Release|Any CPU
		{89DC4B70-AD90-4DDF-919C-692A659AF1EF}.Release|iPhoneSimulator.Build.0 = Release|Any CPU
		{89DC4B70-AD90-4DDF-919C-692A659AF1EF}.Release|x64.ActiveCfg = Release|Any CPU
		{89DC4B70-AD90-4DDF-919C-692A659AF1EF}.Release|x64.Build.0 = Release|Any CPU
		{89DC4B70-AD90-4DDF-919C-692A659AF1EF}.Release|x86.ActiveCfg = Release|Any CPU
		{89DC4B70-AD90-4DDF-919C-692A659AF1EF}.Release|x86.Build.0 = Release|Any CPU
		{319F7AC7-1D22-46B5-8CC6-D9D7F7100C19}.Ad-Hoc|Any CPU.ActiveCfg = Release|Any CPU
		{319F7AC7-1D22-46B5-8CC6-D9D7F7100C19}.Ad-Hoc|Any CPU.Build.0 = Release|Any CPU
		{319F7AC7-1D22-46B5-8CC6-D9D7F7100C19}.Ad-Hoc|ARM.ActiveCfg = Release|Any CPU
		{319F7AC7-1D22-46B5-8CC6-D9D7F7100C19}.Ad-Hoc|ARM.Build.0 = Release|Any CPU
		{319F7AC7-1D22-46B5-8CC6-D9D7F7100C19}.Ad-Hoc|iPhone.ActiveCfg = Release|Any CPU
		{319F7AC7-1D22-46B5-8CC6-D9D7F7100C19}.Ad-Hoc|iPhone.Build.0 = Release|Any CPU
		{319F7AC7-1D22-46B5-8CC6-D9D7F7100C19}.Ad-Hoc|iPhoneSimulator.ActiveCfg = Release|Any CPU
		{319F7AC7-1D22-46B5-8CC6-D9D7F7100C19}.Ad-Hoc|iPhoneSimulator.Build.0 = Release|Any CPU
		{319F7AC7-1D22-46B5-8CC6-D9D7F7100C19}.Ad-Hoc|x64.ActiveCfg = Release|Any CPU
		{319F7AC7-1D22-46B5-8CC6-D9D7F7100C19}.Ad-Hoc|x64.Build.0 = Release|Any CPU
		{319F7AC7-1D22-46B5-8CC6-D9D7F7100C19}.Ad-Hoc|x86.ActiveCfg = Release|Any CPU
		{319F7AC7-1D22-46B5-8CC6-D9D7F7100C19}.Ad-Hoc|x86.Build.0 = Release|Any CPU
		{319F7AC7-1D22-46B5-8CC6-D9D7F7100C19}.AppStore|Any CPU.ActiveCfg = Release|Any CPU
		{319F7AC7-1D22-46B5-8CC6-D9D7F7100C19}.AppStore|Any CPU.Build.0 = Release|Any CPU
		{319F7AC7-1D22-46B5-8CC6-D9D7F7100C19}.AppStore|ARM.ActiveCfg = Release|Any CPU
		{319F7AC7-1D22-46B5-8CC6-D9D7F7100C19}.AppStore|ARM.Build.0 = Release|Any CPU
		{319F7AC7-1D22-46B5-8CC6-D9D7F7100C19}.AppStore|iPhone.ActiveCfg = Release|Any CPU
		{319F7AC7-1D22-46B5-8CC6-D9D7F7100C19}.AppStore|iPhone.Build.0 = Release|Any CPU
		{319F7AC7-1D22-46B5-8CC6-D9D7F7100C19}.AppStore|iPhoneSimulator.ActiveCfg = Release|Any CPU
		{319F7AC7-1D22-46B5-8CC6-D9D7F7100C19}.AppStore|iPhoneSimulator.Build.0 = Release|Any CPU
		{319F7AC7-1D22-46B5-8CC6-D9D7F7100C19}.AppStore|x64.ActiveCfg = Release|Any CPU
		{319F7AC7-1D22-46B5-8CC6-D9D7F7100C19}.AppStore|x64.Build.0 = Release|Any CPU
		{319F7AC7-1D22-46B5-8CC6-D9D7F7100C19}.AppStore|x86.ActiveCfg = Release|Any CPU
		{319F7AC7-1D22-46B5-8CC6-D9D7F7100C19}.AppStore|x86.Build.0 = Release|Any CPU
		{319F7AC7-1D22-46B5-8CC6-D9D7F7100C19}.Debug|Any CPU.ActiveCfg = Debug|Any CPU
		{319F7AC7-1D22-46B5-8CC6-D9D7F7100C19}.Debug|Any CPU.Build.0 = Debug|Any CPU
		{319F7AC7-1D22-46B5-8CC6-D9D7F7100C19}.Debug|ARM.ActiveCfg = Debug|Any CPU
		{319F7AC7-1D22-46B5-8CC6-D9D7F7100C19}.Debug|ARM.Build.0 = Debug|Any CPU
		{319F7AC7-1D22-46B5-8CC6-D9D7F7100C19}.Debug|iPhone.ActiveCfg = Debug|Any CPU
		{319F7AC7-1D22-46B5-8CC6-D9D7F7100C19}.Debug|iPhone.Build.0 = Debug|Any CPU
		{319F7AC7-1D22-46B5-8CC6-D9D7F7100C19}.Debug|iPhoneSimulator.ActiveCfg = Debug|Any CPU
		{319F7AC7-1D22-46B5-8CC6-D9D7F7100C19}.Debug|iPhoneSimulator.Build.0 = Debug|Any CPU
		{319F7AC7-1D22-46B5-8CC6-D9D7F7100C19}.Debug|x64.ActiveCfg = Debug|Any CPU
		{319F7AC7-1D22-46B5-8CC6-D9D7F7100C19}.Debug|x64.Build.0 = Debug|Any CPU
		{319F7AC7-1D22-46B5-8CC6-D9D7F7100C19}.Debug|x86.ActiveCfg = Debug|Any CPU
		{319F7AC7-1D22-46B5-8CC6-D9D7F7100C19}.Debug|x86.Build.0 = Debug|Any CPU
		{319F7AC7-1D22-46B5-8CC6-D9D7F7100C19}.Release|Any CPU.ActiveCfg = Release|Any CPU
		{319F7AC7-1D22-46B5-8CC6-D9D7F7100C19}.Release|Any CPU.Build.0 = Release|Any CPU
		{319F7AC7-1D22-46B5-8CC6-D9D7F7100C19}.Release|ARM.ActiveCfg = Release|Any CPU
		{319F7AC7-1D22-46B5-8CC6-D9D7F7100C19}.Release|ARM.Build.0 = Release|Any CPU
		{319F7AC7-1D22-46B5-8CC6-D9D7F7100C19}.Release|iPhone.ActiveCfg = Release|Any CPU
		{319F7AC7-1D22-46B5-8CC6-D9D7F7100C19}.Release|iPhone.Build.0 = Release|Any CPU
		{319F7AC7-1D22-46B5-8CC6-D9D7F7100C19}.Release|iPhoneSimulator.ActiveCfg = Release|Any CPU
		{319F7AC7-1D22-46B5-8CC6-D9D7F7100C19}.Release|iPhoneSimulator.Build.0 = Release|Any CPU
		{319F7AC7-1D22-46B5-8CC6-D9D7F7100C19}.Release|x64.ActiveCfg = Release|Any CPU
		{319F7AC7-1D22-46B5-8CC6-D9D7F7100C19}.Release|x64.Build.0 = Release|Any CPU
		{319F7AC7-1D22-46B5-8CC6-D9D7F7100C19}.Release|x86.ActiveCfg = Release|Any CPU
		{319F7AC7-1D22-46B5-8CC6-D9D7F7100C19}.Release|x86.Build.0 = Release|Any CPU
		{1775F09C-5A68-425B-BB46-B05C8795E644}.Ad-Hoc|Any CPU.ActiveCfg = Debug|Any CPU
		{1775F09C-5A68-425B-BB46-B05C8795E644}.Ad-Hoc|Any CPU.Build.0 = Debug|Any CPU
		{1775F09C-5A68-425B-BB46-B05C8795E644}.Ad-Hoc|ARM.ActiveCfg = Debug|Any CPU
		{1775F09C-5A68-425B-BB46-B05C8795E644}.Ad-Hoc|ARM.Build.0 = Debug|Any CPU
		{1775F09C-5A68-425B-BB46-B05C8795E644}.Ad-Hoc|iPhone.ActiveCfg = Debug|Any CPU
		{1775F09C-5A68-425B-BB46-B05C8795E644}.Ad-Hoc|iPhone.Build.0 = Debug|Any CPU
		{1775F09C-5A68-425B-BB46-B05C8795E644}.Ad-Hoc|iPhoneSimulator.ActiveCfg = Debug|Any CPU
		{1775F09C-5A68-425B-BB46-B05C8795E644}.Ad-Hoc|iPhoneSimulator.Build.0 = Debug|Any CPU
		{1775F09C-5A68-425B-BB46-B05C8795E644}.Ad-Hoc|x64.ActiveCfg = Debug|Any CPU
		{1775F09C-5A68-425B-BB46-B05C8795E644}.Ad-Hoc|x64.Build.0 = Debug|Any CPU
		{1775F09C-5A68-425B-BB46-B05C8795E644}.Ad-Hoc|x86.ActiveCfg = Debug|Any CPU
		{1775F09C-5A68-425B-BB46-B05C8795E644}.Ad-Hoc|x86.Build.0 = Debug|Any CPU
		{1775F09C-5A68-425B-BB46-B05C8795E644}.AppStore|Any CPU.ActiveCfg = Debug|Any CPU
		{1775F09C-5A68-425B-BB46-B05C8795E644}.AppStore|Any CPU.Build.0 = Debug|Any CPU
		{1775F09C-5A68-425B-BB46-B05C8795E644}.AppStore|ARM.ActiveCfg = Debug|Any CPU
		{1775F09C-5A68-425B-BB46-B05C8795E644}.AppStore|ARM.Build.0 = Debug|Any CPU
		{1775F09C-5A68-425B-BB46-B05C8795E644}.AppStore|iPhone.ActiveCfg = Debug|Any CPU
		{1775F09C-5A68-425B-BB46-B05C8795E644}.AppStore|iPhone.Build.0 = Debug|Any CPU
		{1775F09C-5A68-425B-BB46-B05C8795E644}.AppStore|iPhoneSimulator.ActiveCfg = Debug|Any CPU
		{1775F09C-5A68-425B-BB46-B05C8795E644}.AppStore|iPhoneSimulator.Build.0 = Debug|Any CPU
		{1775F09C-5A68-425B-BB46-B05C8795E644}.AppStore|x64.ActiveCfg = Debug|Any CPU
		{1775F09C-5A68-425B-BB46-B05C8795E644}.AppStore|x64.Build.0 = Debug|Any CPU
		{1775F09C-5A68-425B-BB46-B05C8795E644}.AppStore|x86.ActiveCfg = Debug|Any CPU
		{1775F09C-5A68-425B-BB46-B05C8795E644}.AppStore|x86.Build.0 = Debug|Any CPU
		{1775F09C-5A68-425B-BB46-B05C8795E644}.Debug|Any CPU.ActiveCfg = Debug|Any CPU
		{1775F09C-5A68-425B-BB46-B05C8795E644}.Debug|Any CPU.Build.0 = Debug|Any CPU
		{1775F09C-5A68-425B-BB46-B05C8795E644}.Debug|ARM.ActiveCfg = Debug|Any CPU
		{1775F09C-5A68-425B-BB46-B05C8795E644}.Debug|ARM.Build.0 = Debug|Any CPU
		{1775F09C-5A68-425B-BB46-B05C8795E644}.Debug|iPhone.ActiveCfg = Debug|Any CPU
		{1775F09C-5A68-425B-BB46-B05C8795E644}.Debug|iPhone.Build.0 = Debug|Any CPU
		{1775F09C-5A68-425B-BB46-B05C8795E644}.Debug|iPhoneSimulator.ActiveCfg = Debug|Any CPU
		{1775F09C-5A68-425B-BB46-B05C8795E644}.Debug|iPhoneSimulator.Build.0 = Debug|Any CPU
		{1775F09C-5A68-425B-BB46-B05C8795E644}.Debug|x64.ActiveCfg = Debug|Any CPU
		{1775F09C-5A68-425B-BB46-B05C8795E644}.Debug|x64.Build.0 = Debug|Any CPU
		{1775F09C-5A68-425B-BB46-B05C8795E644}.Debug|x86.ActiveCfg = Debug|Any CPU
		{1775F09C-5A68-425B-BB46-B05C8795E644}.Debug|x86.Build.0 = Debug|Any CPU
		{1775F09C-5A68-425B-BB46-B05C8795E644}.Release|Any CPU.ActiveCfg = Release|Any CPU
		{1775F09C-5A68-425B-BB46-B05C8795E644}.Release|Any CPU.Build.0 = Release|Any CPU
		{1775F09C-5A68-425B-BB46-B05C8795E644}.Release|ARM.ActiveCfg = Release|Any CPU
		{1775F09C-5A68-425B-BB46-B05C8795E644}.Release|ARM.Build.0 = Release|Any CPU
		{1775F09C-5A68-425B-BB46-B05C8795E644}.Release|iPhone.ActiveCfg = Release|Any CPU
		{1775F09C-5A68-425B-BB46-B05C8795E644}.Release|iPhone.Build.0 = Release|Any CPU
		{1775F09C-5A68-425B-BB46-B05C8795E644}.Release|iPhoneSimulator.ActiveCfg = Release|Any CPU
		{1775F09C-5A68-425B-BB46-B05C8795E644}.Release|iPhoneSimulator.Build.0 = Release|Any CPU
		{1775F09C-5A68-425B-BB46-B05C8795E644}.Release|x64.ActiveCfg = Release|Any CPU
		{1775F09C-5A68-425B-BB46-B05C8795E644}.Release|x64.Build.0 = Release|Any CPU
		{1775F09C-5A68-425B-BB46-B05C8795E644}.Release|x86.ActiveCfg = Release|Any CPU
		{1775F09C-5A68-425B-BB46-B05C8795E644}.Release|x86.Build.0 = Release|Any CPU
		{F6B3DBF6-6141-447D-93A9-C36EEBB6770A}.Ad-Hoc|Any CPU.ActiveCfg = Release|Any CPU
		{F6B3DBF6-6141-447D-93A9-C36EEBB6770A}.Ad-Hoc|Any CPU.Build.0 = Release|Any CPU
		{F6B3DBF6-6141-447D-93A9-C36EEBB6770A}.Ad-Hoc|Any CPU.Deploy.0 = Release|Any CPU
		{F6B3DBF6-6141-447D-93A9-C36EEBB6770A}.Ad-Hoc|ARM.ActiveCfg = Release|Any CPU
		{F6B3DBF6-6141-447D-93A9-C36EEBB6770A}.Ad-Hoc|ARM.Build.0 = Release|Any CPU
		{F6B3DBF6-6141-447D-93A9-C36EEBB6770A}.Ad-Hoc|ARM.Deploy.0 = Release|Any CPU
		{F6B3DBF6-6141-447D-93A9-C36EEBB6770A}.Ad-Hoc|iPhone.ActiveCfg = Release|Any CPU
		{F6B3DBF6-6141-447D-93A9-C36EEBB6770A}.Ad-Hoc|iPhone.Build.0 = Release|Any CPU
		{F6B3DBF6-6141-447D-93A9-C36EEBB6770A}.Ad-Hoc|iPhone.Deploy.0 = Release|Any CPU
		{F6B3DBF6-6141-447D-93A9-C36EEBB6770A}.Ad-Hoc|iPhoneSimulator.ActiveCfg = Release|Any CPU
		{F6B3DBF6-6141-447D-93A9-C36EEBB6770A}.Ad-Hoc|iPhoneSimulator.Build.0 = Release|Any CPU
		{F6B3DBF6-6141-447D-93A9-C36EEBB6770A}.Ad-Hoc|iPhoneSimulator.Deploy.0 = Release|Any CPU
		{F6B3DBF6-6141-447D-93A9-C36EEBB6770A}.Ad-Hoc|x64.ActiveCfg = Release|Any CPU
		{F6B3DBF6-6141-447D-93A9-C36EEBB6770A}.Ad-Hoc|x64.Build.0 = Release|Any CPU
		{F6B3DBF6-6141-447D-93A9-C36EEBB6770A}.Ad-Hoc|x64.Deploy.0 = Release|Any CPU
		{F6B3DBF6-6141-447D-93A9-C36EEBB6770A}.Ad-Hoc|x86.ActiveCfg = Release|Any CPU
		{F6B3DBF6-6141-447D-93A9-C36EEBB6770A}.Ad-Hoc|x86.Build.0 = Release|Any CPU
		{F6B3DBF6-6141-447D-93A9-C36EEBB6770A}.Ad-Hoc|x86.Deploy.0 = Release|Any CPU
		{F6B3DBF6-6141-447D-93A9-C36EEBB6770A}.AppStore|Any CPU.ActiveCfg = Release|Any CPU
		{F6B3DBF6-6141-447D-93A9-C36EEBB6770A}.AppStore|Any CPU.Build.0 = Release|Any CPU
		{F6B3DBF6-6141-447D-93A9-C36EEBB6770A}.AppStore|Any CPU.Deploy.0 = Release|Any CPU
		{F6B3DBF6-6141-447D-93A9-C36EEBB6770A}.AppStore|ARM.ActiveCfg = Release|Any CPU
		{F6B3DBF6-6141-447D-93A9-C36EEBB6770A}.AppStore|ARM.Build.0 = Release|Any CPU
		{F6B3DBF6-6141-447D-93A9-C36EEBB6770A}.AppStore|ARM.Deploy.0 = Release|Any CPU
		{F6B3DBF6-6141-447D-93A9-C36EEBB6770A}.AppStore|iPhone.ActiveCfg = Release|Any CPU
		{F6B3DBF6-6141-447D-93A9-C36EEBB6770A}.AppStore|iPhone.Build.0 = Release|Any CPU
		{F6B3DBF6-6141-447D-93A9-C36EEBB6770A}.AppStore|iPhone.Deploy.0 = Release|Any CPU
		{F6B3DBF6-6141-447D-93A9-C36EEBB6770A}.AppStore|iPhoneSimulator.ActiveCfg = Release|Any CPU
		{F6B3DBF6-6141-447D-93A9-C36EEBB6770A}.AppStore|iPhoneSimulator.Build.0 = Release|Any CPU
		{F6B3DBF6-6141-447D-93A9-C36EEBB6770A}.AppStore|iPhoneSimulator.Deploy.0 = Release|Any CPU
		{F6B3DBF6-6141-447D-93A9-C36EEBB6770A}.AppStore|x64.ActiveCfg = Release|Any CPU
		{F6B3DBF6-6141-447D-93A9-C36EEBB6770A}.AppStore|x64.Build.0 = Release|Any CPU
		{F6B3DBF6-6141-447D-93A9-C36EEBB6770A}.AppStore|x64.Deploy.0 = Release|Any CPU
		{F6B3DBF6-6141-447D-93A9-C36EEBB6770A}.AppStore|x86.ActiveCfg = Release|Any CPU
		{F6B3DBF6-6141-447D-93A9-C36EEBB6770A}.AppStore|x86.Build.0 = Release|Any CPU
		{F6B3DBF6-6141-447D-93A9-C36EEBB6770A}.AppStore|x86.Deploy.0 = Release|Any CPU
		{F6B3DBF6-6141-447D-93A9-C36EEBB6770A}.Debug|Any CPU.ActiveCfg = Debug|Any CPU
		{F6B3DBF6-6141-447D-93A9-C36EEBB6770A}.Debug|Any CPU.Build.0 = Debug|Any CPU
		{F6B3DBF6-6141-447D-93A9-C36EEBB6770A}.Debug|Any CPU.Deploy.0 = Debug|Any CPU
		{F6B3DBF6-6141-447D-93A9-C36EEBB6770A}.Debug|ARM.ActiveCfg = Debug|Any CPU
		{F6B3DBF6-6141-447D-93A9-C36EEBB6770A}.Debug|ARM.Build.0 = Debug|Any CPU
		{F6B3DBF6-6141-447D-93A9-C36EEBB6770A}.Debug|ARM.Deploy.0 = Debug|Any CPU
		{F6B3DBF6-6141-447D-93A9-C36EEBB6770A}.Debug|iPhone.ActiveCfg = Debug|Any CPU
		{F6B3DBF6-6141-447D-93A9-C36EEBB6770A}.Debug|iPhone.Build.0 = Debug|Any CPU
		{F6B3DBF6-6141-447D-93A9-C36EEBB6770A}.Debug|iPhone.Deploy.0 = Debug|Any CPU
		{F6B3DBF6-6141-447D-93A9-C36EEBB6770A}.Debug|iPhoneSimulator.ActiveCfg = Debug|Any CPU
		{F6B3DBF6-6141-447D-93A9-C36EEBB6770A}.Debug|iPhoneSimulator.Build.0 = Debug|Any CPU
		{F6B3DBF6-6141-447D-93A9-C36EEBB6770A}.Debug|iPhoneSimulator.Deploy.0 = Debug|Any CPU
		{F6B3DBF6-6141-447D-93A9-C36EEBB6770A}.Debug|x64.ActiveCfg = Debug|Any CPU
		{F6B3DBF6-6141-447D-93A9-C36EEBB6770A}.Debug|x64.Build.0 = Debug|Any CPU
		{F6B3DBF6-6141-447D-93A9-C36EEBB6770A}.Debug|x64.Deploy.0 = Debug|Any CPU
		{F6B3DBF6-6141-447D-93A9-C36EEBB6770A}.Debug|x86.ActiveCfg = Debug|Any CPU
		{F6B3DBF6-6141-447D-93A9-C36EEBB6770A}.Debug|x86.Build.0 = Debug|Any CPU
		{F6B3DBF6-6141-447D-93A9-C36EEBB6770A}.Debug|x86.Deploy.0 = Debug|Any CPU
		{F6B3DBF6-6141-447D-93A9-C36EEBB6770A}.Release|Any CPU.ActiveCfg = Release|Any CPU
		{F6B3DBF6-6141-447D-93A9-C36EEBB6770A}.Release|Any CPU.Build.0 = Release|Any CPU
		{F6B3DBF6-6141-447D-93A9-C36EEBB6770A}.Release|Any CPU.Deploy.0 = Release|Any CPU
		{F6B3DBF6-6141-447D-93A9-C36EEBB6770A}.Release|ARM.ActiveCfg = Release|Any CPU
		{F6B3DBF6-6141-447D-93A9-C36EEBB6770A}.Release|ARM.Build.0 = Release|Any CPU
		{F6B3DBF6-6141-447D-93A9-C36EEBB6770A}.Release|ARM.Deploy.0 = Release|Any CPU
		{F6B3DBF6-6141-447D-93A9-C36EEBB6770A}.Release|iPhone.ActiveCfg = Release|Any CPU
		{F6B3DBF6-6141-447D-93A9-C36EEBB6770A}.Release|iPhone.Build.0 = Release|Any CPU
		{F6B3DBF6-6141-447D-93A9-C36EEBB6770A}.Release|iPhone.Deploy.0 = Release|Any CPU
		{F6B3DBF6-6141-447D-93A9-C36EEBB6770A}.Release|iPhoneSimulator.ActiveCfg = Release|Any CPU
		{F6B3DBF6-6141-447D-93A9-C36EEBB6770A}.Release|iPhoneSimulator.Build.0 = Release|Any CPU
		{F6B3DBF6-6141-447D-93A9-C36EEBB6770A}.Release|iPhoneSimulator.Deploy.0 = Release|Any CPU
		{F6B3DBF6-6141-447D-93A9-C36EEBB6770A}.Release|x64.ActiveCfg = Release|Any CPU
		{F6B3DBF6-6141-447D-93A9-C36EEBB6770A}.Release|x64.Build.0 = Release|Any CPU
		{F6B3DBF6-6141-447D-93A9-C36EEBB6770A}.Release|x64.Deploy.0 = Release|Any CPU
		{F6B3DBF6-6141-447D-93A9-C36EEBB6770A}.Release|x86.ActiveCfg = Release|Any CPU
		{F6B3DBF6-6141-447D-93A9-C36EEBB6770A}.Release|x86.Build.0 = Release|Any CPU
		{F6B3DBF6-6141-447D-93A9-C36EEBB6770A}.Release|x86.Deploy.0 = Release|Any CPU
		{625F74D5-D653-4EFA-8618-5CC9C5806972}.Ad-Hoc|Any CPU.ActiveCfg = Ad-Hoc|iPhone
		{625F74D5-D653-4EFA-8618-5CC9C5806972}.Ad-Hoc|ARM.ActiveCfg = Ad-Hoc|iPhone
		{625F74D5-D653-4EFA-8618-5CC9C5806972}.Ad-Hoc|iPhone.ActiveCfg = Ad-Hoc|iPhone
		{625F74D5-D653-4EFA-8618-5CC9C5806972}.Ad-Hoc|iPhone.Build.0 = Ad-Hoc|iPhone
		{625F74D5-D653-4EFA-8618-5CC9C5806972}.Ad-Hoc|iPhoneSimulator.ActiveCfg = Ad-Hoc|iPhoneSimulator
		{625F74D5-D653-4EFA-8618-5CC9C5806972}.Ad-Hoc|iPhoneSimulator.Build.0 = Ad-Hoc|iPhoneSimulator
		{625F74D5-D653-4EFA-8618-5CC9C5806972}.Ad-Hoc|x64.ActiveCfg = Ad-Hoc|iPhone
		{625F74D5-D653-4EFA-8618-5CC9C5806972}.Ad-Hoc|x86.ActiveCfg = Ad-Hoc|iPhone
		{625F74D5-D653-4EFA-8618-5CC9C5806972}.AppStore|Any CPU.ActiveCfg = AppStore|iPhone
		{625F74D5-D653-4EFA-8618-5CC9C5806972}.AppStore|ARM.ActiveCfg = AppStore|iPhone
		{625F74D5-D653-4EFA-8618-5CC9C5806972}.AppStore|iPhone.ActiveCfg = AppStore|iPhone
		{625F74D5-D653-4EFA-8618-5CC9C5806972}.AppStore|iPhone.Build.0 = AppStore|iPhone
		{625F74D5-D653-4EFA-8618-5CC9C5806972}.AppStore|iPhoneSimulator.ActiveCfg = AppStore|iPhoneSimulator
		{625F74D5-D653-4EFA-8618-5CC9C5806972}.AppStore|iPhoneSimulator.Build.0 = AppStore|iPhoneSimulator
		{625F74D5-D653-4EFA-8618-5CC9C5806972}.AppStore|x64.ActiveCfg = AppStore|iPhone
		{625F74D5-D653-4EFA-8618-5CC9C5806972}.AppStore|x86.ActiveCfg = AppStore|iPhone
		{625F74D5-D653-4EFA-8618-5CC9C5806972}.Debug|Any CPU.ActiveCfg = Debug|iPhone
		{625F74D5-D653-4EFA-8618-5CC9C5806972}.Debug|ARM.ActiveCfg = Debug|iPhone
		{625F74D5-D653-4EFA-8618-5CC9C5806972}.Debug|iPhone.ActiveCfg = Debug|iPhone
		{625F74D5-D653-4EFA-8618-5CC9C5806972}.Debug|iPhone.Build.0 = Debug|iPhone
		{625F74D5-D653-4EFA-8618-5CC9C5806972}.Debug|iPhoneSimulator.ActiveCfg = Debug|iPhoneSimulator
		{625F74D5-D653-4EFA-8618-5CC9C5806972}.Debug|iPhoneSimulator.Build.0 = Debug|iPhoneSimulator
		{625F74D5-D653-4EFA-8618-5CC9C5806972}.Debug|x64.ActiveCfg = Debug|iPhone
		{625F74D5-D653-4EFA-8618-5CC9C5806972}.Debug|x86.ActiveCfg = Debug|iPhone
		{625F74D5-D653-4EFA-8618-5CC9C5806972}.Release|Any CPU.ActiveCfg = Release|iPhone
		{625F74D5-D653-4EFA-8618-5CC9C5806972}.Release|ARM.ActiveCfg = Release|iPhone
		{625F74D5-D653-4EFA-8618-5CC9C5806972}.Release|iPhone.ActiveCfg = Release|iPhone
		{625F74D5-D653-4EFA-8618-5CC9C5806972}.Release|iPhone.Build.0 = Release|iPhone
		{625F74D5-D653-4EFA-8618-5CC9C5806972}.Release|iPhoneSimulator.ActiveCfg = Release|iPhoneSimulator
		{625F74D5-D653-4EFA-8618-5CC9C5806972}.Release|iPhoneSimulator.Build.0 = Release|iPhoneSimulator
		{625F74D5-D653-4EFA-8618-5CC9C5806972}.Release|x64.ActiveCfg = Release|iPhone
		{625F74D5-D653-4EFA-8618-5CC9C5806972}.Release|x86.ActiveCfg = Release|iPhone
	EndGlobalSection
	GlobalSection(SolutionProperties) = preSolution
		HideSolutionNode = FALSE
	EndGlobalSection
	GlobalSection(ExtensibilityGlobals) = postSolution
		SolutionGuid = {2D0DD283-55C7-46B5-8344-E7AEEF18D295}
	EndGlobalSection
EndGlobal
